
Microsoft Visual Studio Solution File, Format Version 12.00
# Visual Studio Version 16
VisualStudioVersion = 16.0.30804.86
MinimumVisualStudioVersion = 10.0.40219.1
Project("{FAE04EC0-301F-11D3-BF4B-00C04F79EFBC}") = "AsyncHesapMakinesi", "AsyncHesapMakinesi.csproj", "{7EBF6FA5-A342-452B-B951-8B754078E9FE}"
EndProject
Project("{FAE04EC0-301F-11D3-BF4B-00C04F79EFBC}") = "AsyncHesapMakinesi_Test", "..\AsyncHesapMakinesi_Test\AsyncHesapMakinesi_Test.csproj", "{7DC18DC3-75AE-47FA-874A-455159E46D2D}"
EndProject
Global
	GlobalSection(SolutionConfigurationPlatforms) = preSolution
		Debug|Any CPU = Debug|Any CPU
		Release|Any CPU = Release|Any CPU
	EndGlobalSection
	GlobalSection(ProjectConfigurationPlatforms) = postSolution
		{7EBF6FA5-A342-452B-B951-8B754078E9FE}.Debug|Any CPU.ActiveCfg = Debug|Any CPU
		{7EBF6FA5-A342-452B-B951-8B754078E9FE}.Debug|Any CPU.Build.0 = Debug|Any CPU
		{7EBF6FA5-A342-452B-B951-8B754078E9FE}.Release|Any CPU.ActiveCfg = Release|Any CPU
		{7EBF6FA5-A342-452B-B951-8B754078E9FE}.Release|Any CPU.Build.0 = Release|Any CPU
		{7DC18DC3-75AE-47FA-874A-455159E46D2D}.Debug|Any CPU.ActiveCfg = Debug|Any CPU
		{7DC18DC3-75AE-47FA-874A-455159E46D2D}.Debug|Any CPU.Build.0 = Debug|Any CPU
		{7DC18DC3-75AE-47FA-874A-455159E46D2D}.Release|Any CPU.ActiveCfg = Release|Any CPU
		{7DC18DC3-75AE-47FA-874A-455159E46D2D}.Release|Any CPU.Build.0 = Release|Any CPU
	EndGlobalSection
	GlobalSection(SolutionProperties) = preSolution
		HideSolutionNode = FALSE
	EndGlobalSection
	GlobalSection(ExtensibilityGlobals) = postSolution
		SolutionGuid = {BDC23CA3-CC6F-4525-B19B-D70DAA9AE1E8}
	EndGlobalSection
EndGlobal
